
Microsoft Visual Studio Solution File, Format Version 12.00
# Visual Studio 15
Project("{FAE04EC0-301F-11D3-BF4B-00C04F79EFBC}") = "RPG Framework", "Assembly-CSharp.csproj", "{273A9F45-3616-8298-7BF8-B1A92B8BC482}"
EndProject
Project("{FAE04EC0-301F-11D3-BF4B-00C04F79EFBC}") = "RPG Framework", "Assembly-CSharp-Editor.csproj", "{C1B11CE2-90A7-47DF-B2D1-DCC11F1C7E51}"
EndProject
Global
	GlobalSection(SolutionConfigurationPlatforms) = preSolution
		Debug|Any CPU = Debug|Any CPU
		Release|Any CPU = Release|Any CPU
	EndGlobalSection
	GlobalSection(ProjectConfigurationPlatforms) = postSolution
		{273A9F45-3616-8298-7BF8-B1A92B8BC482}.Debug|Any CPU.ActiveCfg = Debug|Any CPU
		{273A9F45-3616-8298-7BF8-B1A92B8BC482}.Debug|Any CPU.Build.0 = Debug|Any CPU
		{273A9F45-3616-8298-7BF8-B1A92B8BC482}.Release|Any CPU.ActiveCfg = Release|Any CPU
		{273A9F45-3616-8298-7BF8-B1A92B8BC482}.Release|Any CPU.Build.0 = Release|Any CPU
		{C1B11CE2-90A7-47DF-B2D1-DCC11F1C7E51}.Debug|Any CPU.ActiveCfg = Debug|Any CPU
		{C1B11CE2-90A7-47DF-B2D1-DCC11F1C7E51}.Debug|Any CPU.Build.0 = Debug|Any CPU
		{C1B11CE2-90A7-47DF-B2D1-DCC11F1C7E51}.Release|Any CPU.ActiveCfg = Release|Any CPU
		{C1B11CE2-90A7-47DF-B2D1-DCC11F1C7E51}.Release|Any CPU.Build.0 = Release|Any CPU
	EndGlobalSection
	GlobalSection(SolutionProperties) = preSolution
		HideSolutionNode = FALSE
	EndGlobalSection
EndGlobal
